// !$*UTF8*$!
{
	archiveVersion = 1;
	classes = {
	};
	objectVersion = 48;
	objects = {

/* Begin PBXBuildFile section */
		830A59961F56B79400536F88 /* AppDelegate.swift in Sources */ = {isa = PBXBuildFile; fileRef = 830A59951F56B79400536F88 /* AppDelegate.swift */; };
		830A59981F56B79400536F88 /* ViewController.swift in Sources */ = {isa = PBXBuildFile; fileRef = 830A59971F56B79400536F88 /* ViewController.swift */; };
		830A599B1F56B79400536F88 /* Main.storyboard in Resources */ = {isa = PBXBuildFile; fileRef = 830A59991F56B79400536F88 /* Main.storyboard */; };
		830A599D1F56B79400536F88 /* Assets.xcassets in Resources */ = {isa = PBXBuildFile; fileRef = 830A599C1F56B79400536F88 /* Assets.xcassets */; };
		830A59A01F56B79400536F88 /* LaunchScreen.storyboard in Resources */ = {isa = PBXBuildFile; fileRef = 830A599E1F56B79400536F88 /* LaunchScreen.storyboard */; };
		830A59A91F56B82300536F88 /* Cheveuxdange.ttf in Resources */ = {isa = PBXBuildFile; fileRef = 830A59A71F56B82300536F88 /* Cheveuxdange.ttf */; };
		830A59AA1F56B82300536F88 /* DK Cinnabar Brush.ttf in Resources */ = {isa = PBXBuildFile; fileRef = 830A59A81F56B82300536F88 /* DK Cinnabar Brush.ttf */; };
/* End PBXBuildFile section */

/* Begin PBXFileReference section */
		830A59921F56B79400536F88 /* SnapAttack.app */ = {isa = PBXFileReference; explicitFileType = wrapper.application; includeInIndex = 0; path = SnapAttack.app; sourceTree = BUILT_PRODUCTS_DIR; };
		830A59951F56B79400536F88 /* AppDelegate.swift */ = {isa = PBXFileReference; lastKnownFileType = sourcecode.swift; path = AppDelegate.swift; sourceTree = "<group>"; };
		830A59971F56B79400536F88 /* ViewController.swift */ = {isa = PBXFileReference; lastKnownFileType = sourcecode.swift; path = ViewController.swift; sourceTree = "<group>"; };
		830A599A1F56B79400536F88 /* Base */ = {isa = PBXFileReference; lastKnownFileType = file.storyboard; name = Base; path = Base.lproj/Main.storyboard; sourceTree = "<group>"; };
		830A599C1F56B79400536F88 /* Assets.xcassets */ = {isa = PBXFileReference; lastKnownFileType = folder.assetcatalog; path = Assets.xcassets; sourceTree = "<group>"; };
		830A599F1F56B79400536F88 /* Base */ = {isa = PBXFileReference; lastKnownFileType = file.storyboard; name = Base; path = Base.lproj/LaunchScreen.storyboard; sourceTree = "<group>"; };
		830A59A11F56B79400536F88 /* Info.plist */ = {isa = PBXFileReference; lastKnownFileType = text.plist.xml; path = Info.plist; sourceTree = "<group>"; };
		830A59A71F56B82300536F88 /* Cheveuxdange.ttf */ = {isa = PBXFileReference; lastKnownFileType = file; name = Cheveuxdange.ttf; path = "../../../../../../Downloads/Snap Attack/Cheveuxdange.ttf"; sourceTree = "<group>"; };
		830A59A81F56B82300536F88 /* DK Cinnabar Brush.ttf */ = {isa = PBXFileReference; lastKnownFileType = file; name = "DK Cinnabar Brush.ttf"; path = "../../../../../../Downloads/Snap Attack/DK Cinnabar Brush.ttf"; sourceTree = "<group>"; };
/* End PBXFileReference section */

/* Begin PBXFrameworksBuildPhase section */
		830A598F1F56B79400536F88 /* Frameworks */ = {
			isa = PBXFrameworksBuildPhase;
			buildActionMask = 2147483647;
			files = (
			);
			runOnlyForDeploymentPostprocessing = 0;
		};
/* End PBXFrameworksBuildPhase section */

/* Begin PBXGroup section */
		830A59891F56B79400536F88 = {
			isa = PBXGroup;
			children = (
				830A59941F56B79400536F88 /* SnapAttack */,
				830A59931F56B79400536F88 /* Products */,
			);
			sourceTree = "<group>";
		};
		830A59931F56B79400536F88 /* Products */ = {
			isa = PBXGroup;
			children = (
				830A59921F56B79400536F88 /* SnapAttack.app */,
			);
			name = Products;
			sourceTree = "<group>";
		};
		830A59941F56B79400536F88 /* SnapAttack */ = {
			isa = PBXGroup;
			children = (
				830A59951F56B79400536F88 /* AppDelegate.swift */,
				830A59971F56B79400536F88 /* ViewController.swift */,
				830A59991F56B79400536F88 /* Main.storyboard */,
				830A599C1F56B79400536F88 /* Assets.xcassets */,
				830A599E1F56B79400536F88 /* LaunchScreen.storyboard */,
				830A59A71F56B82300536F88 /* Cheveuxdange.ttf */,
				830A59A81F56B82300536F88 /* DK Cinnabar Brush.ttf */,
				830A59A11F56B79400536F88 /* Info.plist */,
			);
			path = SnapAttack;
			sourceTree = "<group>";
		};
/* End PBXGroup section */

/* Begin PBXNativeTarget section */
		830A59911F56B79400536F88 /* SnapAttack */ = {
			isa = PBXNativeTarget;
			buildConfigurationList = 830A59A41F56B79400536F88 /* Build configuration list for PBXNativeTarget "SnapAttack" */;
			buildPhases = (
				830A598E1F56B79400536F88 /* Sources */,
				830A598F1F56B79400536F88 /* Frameworks */,
				830A59901F56B79400536F88 /* Resources */,
			);
			buildRules = (
			);
			dependencies = (
			);
			name = SnapAttack;
			productName = SnapAttack;
			productReference = 830A59921F56B79400536F88 /* SnapAttack.app */;
			productType = "com.apple.product-type.application";
		};
/* End PBXNativeTarget section */

/* Begin PBXProject section */
		830A598A1F56B79400536F88 /* Project object */ = {
			isa = PBXProject;
			attributes = {
				LastSwiftUpdateCheck = 0900;
				LastUpgradeCheck = 0900;
				ORGANIZATIONNAME = "Sujanth Sebamalaithasan";
				TargetAttributes = {
					830A59911F56B79400536F88 = {
						CreatedOnToolsVersion = 9.0;
					};
				};
			};
			buildConfigurationList = 830A598D1F56B79400536F88 /* Build configuration list for PBXProject "SnapAttack" */;
			compatibilityVersion = "Xcode 8.0";
			developmentRegion = en;
			hasScannedForEncodings = 0;
			knownRegions = (
				en,
				Base,
			);
			mainGroup = 830A59891F56B79400536F88;
			productRefGroup = 830A59931F56B79400536F88 /* Products */;
			projectDirPath = "";
			projectRoot = "";
			targets = (
				830A59911F56B79400536F88 /* SnapAttack */,
			);
		};
/* End PBXProject section */

/* Begin PBXResourcesBuildPhase section */
		830A59901F56B79400536F88 /* Resources */ = {
			isa = PBXResourcesBuildPhase;
			buildActionMask = 2147483647;
			files = (
				830A59AA1F56B82300536F88 /* DK Cinnabar Brush.ttf in Resources */,
				830A59A01F56B79400536F88 /* LaunchScreen.storyboard in Resources */,
				830A599D1F56B79400536F88 /* Assets.xcassets in Resources */,
				830A599B1F56B79400536F88 /* Main.storyboard in Resources */,
				830A59A91F56B82300536F88 /* Cheveuxdange.ttf in Resources */,
			);
			runOnlyForDeploymentPostprocessing = 0;
		};
/* End PBXResourcesBuildPhase section */

/* Begin PBXSourcesBuildPhase section */
		830A598E1F56B79400536F88 /* Sources */ = {
			isa = PBXSourcesBuildPhase;
			buildActionMask = 2147483647;
			files = (
				830A59981F56B79400536F88 /* ViewController.swift in Sources */,
				830A59961F56B79400536F88 /* AppDelegate.swift in Sources */,
			);
			runOnlyForDeploymentPostprocessing = 0;
		};
/* End PBXSourcesBuildPhase section */

/* Begin PBXVariantGroup section */
		830A59991F56B79400536F88 /* Main.storyboard */ = {
			isa = PBXVariantGroup;
			children = (
				830A599A1F56B79400536F88 /* Base */,
			);
			name = Main.storyboard;
			sourceTree = "<group>";
		};
		830A599E1F56B79400536F88 /* LaunchScreen.storyboard */ = {
			isa = PBXVariantGroup;
			children = (
				830A599F1F56B79400536F88 /* Base */,
			);
			name = LaunchScreen.storyboard;
			sourceTree = "<group>";
		};
/* End PBXVariantGroup section */

/* Begin XCBuildConfiguration section */
		830A59A21F56B79400536F88 /* Debug */ = {
			isa = XCBuildConfiguration;
			buildSettings = {
				ALWAYS_SEARCH_USER_PATHS = NO;
				CLANG_ANALYZER_NONNULL = YES;
				CLANG_ANALYZER_NUMBER_OBJECT_CONVERSION = YES_AGGRESSIVE;
				CLANG_CXX_LANGUAGE_STANDARD = "gnu++14";
				CLANG_CXX_LIBRARY = "libc++";
				CLANG_ENABLE_MODULES = YES;
				CLANG_ENABLE_OBJC_ARC = YES;
				CLANG_WARN_BLOCK_CAPTURE_AUTORELEASING = YES;
				CLANG_WARN_BOOL_CONVERSION = YES;
				CLANG_WARN_COMMA = YES;
				CLANG_WARN_CONSTANT_CONVERSION = YES;
				CLANG_WARN_DIRECT_OBJC_ISA_USAGE = YES_ERROR;
				CLANG_WARN_DOCUMENTATION_COMMENTS = YES;
				CLANG_WARN_EMPTY_BODY = YES;
				CLANG_WARN_ENUM_CONVERSION = YES;
				CLANG_WARN_INFINITE_RECURSION = YES;
				CLANG_WARN_INT_CONVERSION = YES;
				CLANG_WARN_OBJC_ROOT_CLASS = YES_ERROR;
				CLANG_WARN_RANGE_LOOP_ANALYSIS = YES;
				CLANG_WARN_STRICT_PROTOTYPES = YES;
				CLANG_WARN_SUSPICIOUS_MOVE = YES;
				CLANG_WARN_UNGUARDED_AVAILABILITY = YES_AGGRESSIVE;
				CLANG_WARN_UNREACHABLE_CODE = YES;
				CLANG_WARN__DUPLICATE_METHOD_MATCH = YES;
				CODE_SIGN_IDENTITY = "iPhone Developer";
				COPY_PHASE_STRIP = NO;
				DEBUG_INFORMATION_FORMAT = dwarf;
				ENABLE_STRICT_OBJC_MSGSEND = YES;
				ENABLE_TESTABILITY = YES;
				GCC_C_LANGUAGE_STANDARD = gnu11;
				GCC_DYNAMIC_NO_PIC = NO;
				GCC_NO_COMMON_BLOCKS = YES;
				GCC_OPTIMIZATION_LEVEL = 0;
				GCC_PREPROCESSOR_DEFINITIONS = (
					"DEBUG=1",
					"$(inherited)",
				);
				GCC_WARN_64_TO_32_BIT_CONVERSION = YES;
				GCC_WARN_ABOUT_RETURN_TYPE = YES_ERROR;
				GCC_WARN_UNDECLARED_SELECTOR = YES;
				GCC_WARN_UNINITIALIZED_AUTOS = YES_AGGRESSIVE;
				GCC_WARN_UNUSED_FUNCTION = YES;
				GCC_WARN_UNUSED_VARIABLE = YES;
				IPHONEOS_DEPLOYMENT_TARGET = 11.0;
				MTL_ENABLE_DEBUG_INFO = YES;
				ONLY_ACTIVE_ARCH = YES;
				SDKROOT = iphoneos;
				SWIFT_ACTIVE_COMPILATION_CONDITIONS = DEBUG;
				SWIFT_OPTIMIZATION_LEVEL = "-Onone";
			};
			name = Debug;
		};
		830A59A31F56B79400536F88 /* Release */ = {
			isa = XCBuildConfiguration;
			buildSettings = {
				ALWAYS_SEARCH_USER_PATHS = NO;
				CLANG_ANALYZER_NONNULL = YES;
				CLANG_ANALYZER_NUMBER_OBJECT_CONVERSION = YES_AGGRESSIVE;
				CLANG_CXX_LANGUAGE_STANDARD = "gnu++14";
				CLANG_CXX_LIBRARY = "libc++";
				CLANG_ENABLE_MODULES = YES;
				CLANG_ENABLE_OBJC_ARC = YES;
				CLANG_WARN_BLOCK_CAPTURE_AUTORELEASING = YES;
				CLANG_WARN_BOOL_CONVERSION = YES;
				CLANG_WARN_COMMA = YES;
				CLANG_WARN_CONSTANT_CONVERSION = YES;
				CLANG_WARN_DIRECT_OBJC_ISA_USAGE = YES_ERROR;
				CLANG_WARN_DOCUMENTATION_COMMENTS = YES;
				CLANG_WARN_EMPTY_BODY = YES;
				CLANG_WARN_ENUM_CONVERSION = YES;
				CLANG_WARN_INFINITE_RECURSION = YES;
				CLANG_WARN_INT_CONVERSION = YES;
				CLANG_WARN_OBJC_ROOT_CLASS = YES_ERROR;
				CLANG_WARN_RANGE_LOOP_ANALYSIS = YES;
				CLANG_WARN_STRICT_PROTOTYPES = YES;
				CLANG_WARN_SUSPICIOUS_MOVE = YES;
				CLANG_WARN_UNGUARDED_AVAILABILITY = YES_AGGRESSIVE;
				CLANG_WARN_UNREACHABLE_CODE = YES;
				CLANG_WARN__DUPLICATE_METHOD_MATCH = YES;
				CODE_SIGN_IDENTITY = "iPhone Developer";
				COPY_PHASE_STRIP = NO;
				DEBUG_INFORMATION_FORMAT = "dwarf-with-dsym";
				ENABLE_NS_ASSERTIONS = NO;
				ENABLE_STRICT_OBJC_MSGSEND = YES;
				GCC_C_LANGUAGE_STANDARD = gnu11;
				GCC_NO_COMMON_BLOCKS = YES;
				GCC_WARN_64_TO_32_BIT_CONVERSION = YES;
				GCC_WARN_ABOUT_RETURN_TYPE = YES_ERROR;
				GCC_WARN_UNDECLARED_SELECTOR = YES;
				GCC_WARN_UNINITIALIZED_AUTOS = YES_AGGRESSIVE;
				GCC_WARN_UNUSED_FUNCTION = YES;
				GCC_WARN_UNUSED_VARIABLE = YES;
				IPHONEOS_DEPLOYMENT_TARGET = 11.0;
				MTL_ENABLE_DEBUG_INFO = NO;
				SDKROOT = iphoneos;
				SWIFT_OPTIMIZATION_LEVEL = "-Owholemodule";
				VALIDATE_PRODUCT = YES;
			};
			name = Release;
		};
		830A59A51F56B79400536F88 /* Debug */ = {
			isa = XCBuildConfiguration;
			buildSettings = {
				ASSETCATALOG_COMPILER_APPICON_NAME = AppIcon;
				DEVELOPMENT_TEAM = 7444ZHPYLX;
				INFOPLIST_FILE = SnapAttack/Info.plist;
				LD_RUNPATH_SEARCH_PATHS = "$(inherited) @executable_path/Frameworks";
				PRODUCT_BUNDLE_IDENTIFIER = com.sujanth.SnapAttack;
				PRODUCT_NAME = "$(TARGET_NAME)";
				SWIFT_VERSION = 4.0;
				TARGETED_DEVICE_FAMILY = "1,2";
			};
			name = Debug;
		};
		830A59A61F56B79400536F88 /* Release */ = {
			isa = XCBuildConfiguration;
			buildSettings = {
				ASSETCATALOG_COMPILER_APPICON_NAME = AppIcon;
				DEVELOPMENT_TEAM = 7444ZHPYLX;
				INFOPLIST_FILE = SnapAttack/Info.plist;
				LD_RUNPATH_SEARCH_PATHS = "$(inherited) @executable_path/Frameworks";
				PRODUCT_BUNDLE_IDENTIFIER = com.sujanth.SnapAttack;
				PRODUCT_NAME = "$(TARGET_NAME)";
				SWIFT_VERSION = 4.0;
				TARGETED_DEVICE_FAMILY = "1,2";
			};
			name = Release;
		};
/* End XCBuildConfiguration section */

/* Begin XCConfigurationList section */
		830A598D1F56B79400536F88 /* Build configuration list for PBXProject "SnapAttack" */ = {
			isa = XCConfigurationList;
			buildConfigurations = (
				830A59A21F56B79400536F88 /* Debug */,
				830A59A31F56B79400536F88 /* Release */,
			);
			defaultConfigurationIsVisible = 0;
			defaultConfigurationName = Release;
		};
		830A59A41F56B79400536F88 /* Build configuration list for PBXNativeTarget "SnapAttack" */ = {
			isa = XCConfigurationList;
			buildConfigurations = (
				830A59A51F56B79400536F88 /* Debug */,
				830A59A61F56B79400536F88 /* Release */,
			);
			defaultConfigurationIsVisible = 0;
		};
/* End XCConfigurationList section */
	};
	rootObject = 830A598A1F56B79400536F88 /* Project object */;
}
